
Microsoft Visual Studio Solution File, Format Version 12.00
# Visual Studio Version 16
VisualStudioVersion = 16.0.29123.88
MinimumVisualStudioVersion = 10.0.40219.1
Project("{FAE04EC0-301F-11D3-BF4B-00C04F79EFBC}") = "PVPoP", "PVPoP.csproj", "{90DFA7E9-8E94-461E-9628-07561AF841CC}"
EndProject
Global
	GlobalSection(SolutionConfigurationPlatforms) = preSolution
		Debug|Any CPU = Debug|Any CPU
		Release|Any CPU = Release|Any CPU
	EndGlobalSection
	GlobalSection(ProjectConfigurationPlatforms) = postSolution
		{90DFA7E9-8E94-461E-9628-07561AF841CC}.Debug|Any CPU.ActiveCfg = Debug|Any CPU
		{90DFA7E9-8E94-461E-9628-07561AF841CC}.Debug|Any CPU.Build.0 = Debug|Any CPU
		{90DFA7E9-8E94-461E-9628-07561AF841CC}.Release|Any CPU.ActiveCfg = Release|Any CPU
		{90DFA7E9-8E94-461E-9628-07561AF841CC}.Release|Any CPU.Build.0 = Release|Any CPU
	EndGlobalSection
	GlobalSection(SolutionProperties) = preSolution
		HideSolutionNode = FALSE
	EndGlobalSection
	GlobalSection(ExtensibilityGlobals) = postSolution
		SolutionGuid = {A48847B3-34F7-42F7-9C3F-D379E4B9054C}
	EndGlobalSection
EndGlobal
